
Microsoft Visual Studio Solution File, Format Version 12.00
# Visual Studio Version 17
VisualStudioVersion = 17.5.33516.290
MinimumVisualStudioVersion = 10.0.40219.1
Project("{FAE04EC0-301F-11D3-BF4B-00C04F79EFBC}") = "PrjForm", "PrjForm\PrjForm.csproj", "{DAE6FF57-64FE-4249-9D94-3547BF542218}"
	ProjectSection(ProjectDependencies) = postProject
		{4295743D-C8E3-466D-ACB2-A8DF80E83C7E} = {4295743D-C8E3-466D-ACB2-A8DF80E83C7E}
	EndProjectSection
EndProject
Project("{FAE04EC0-301F-11D3-BF4B-00C04F79EFBC}") = "PrjWs", "PrjWs\PrjWs.csproj", "{4295743D-C8E3-466D-ACB2-A8DF80E83C7E}"
EndProject
Global
	GlobalSection(SolutionConfigurationPlatforms) = preSolution
		Debug|Any CPU = Debug|Any CPU
		Release|Any CPU = Release|Any CPU
	EndGlobalSection
	GlobalSection(ProjectConfigurationPlatforms) = postSolution
		{DAE6FF57-64FE-4249-9D94-3547BF542218}.Debug|Any CPU.ActiveCfg = Debug|Any CPU
		{DAE6FF57-64FE-4249-9D94-3547BF542218}.Debug|Any CPU.Build.0 = Debug|Any CPU
		{DAE6FF57-64FE-4249-9D94-3547BF542218}.Release|Any CPU.ActiveCfg = Release|Any CPU
		{DAE6FF57-64FE-4249-9D94-3547BF542218}.Release|Any CPU.Build.0 = Release|Any CPU
		{4295743D-C8E3-466D-ACB2-A8DF80E83C7E}.Debug|Any CPU.ActiveCfg = Debug|Any CPU
		{4295743D-C8E3-466D-ACB2-A8DF80E83C7E}.Debug|Any CPU.Build.0 = Debug|Any CPU
		{4295743D-C8E3-466D-ACB2-A8DF80E83C7E}.Release|Any CPU.ActiveCfg = Release|Any CPU
		{4295743D-C8E3-466D-ACB2-A8DF80E83C7E}.Release|Any CPU.Build.0 = Release|Any CPU
	EndGlobalSection
	GlobalSection(SolutionProperties) = preSolution
		HideSolutionNode = FALSE
	EndGlobalSection
	GlobalSection(ExtensibilityGlobals) = postSolution
		SolutionGuid = {D8EF9D09-C8B5-4331-B8FB-02D182172360}
	EndGlobalSection
EndGlobal
